
Microsoft Visual Studio Solution File, Format Version 12.00
# Visual Studio Version 17
VisualStudioVersion = 17.4.33205.214
MinimumVisualStudioVersion = 10.0.40219.1
Project("{FAE04EC0-301F-11D3-BF4B-00C04F79EFBC}") = "github alapok", "github alapok\github alapok.csproj", "{F8D7A846-CD9F-4822-A21A-3F6EE38FCA60}"
EndProject
Global
	GlobalSection(SolutionConfigurationPlatforms) = preSolution
		Debug|Any CPU = Debug|Any CPU
		Release|Any CPU = Release|Any CPU
	EndGlobalSection
	GlobalSection(ProjectConfigurationPlatforms) = postSolution
		{F8D7A846-CD9F-4822-A21A-3F6EE38FCA60}.Debug|Any CPU.ActiveCfg = Debug|Any CPU
		{F8D7A846-CD9F-4822-A21A-3F6EE38FCA60}.Debug|Any CPU.Build.0 = Debug|Any CPU
		{F8D7A846-CD9F-4822-A21A-3F6EE38FCA60}.Release|Any CPU.ActiveCfg = Release|Any CPU
		{F8D7A846-CD9F-4822-A21A-3F6EE38FCA60}.Release|Any CPU.Build.0 = Release|Any CPU
	EndGlobalSection
	GlobalSection(SolutionProperties) = preSolution
		HideSolutionNode = FALSE
	EndGlobalSection
	GlobalSection(ExtensibilityGlobals) = postSolution
		SolutionGuid = {13ABB930-6B2A-4A85-BAE6-8DBE5A9D4D2B}
	EndGlobalSection
EndGlobal
